
Microsoft Visual Studio Solution File, Format Version 12.00
# Visual Studio Version 17
VisualStudioVersion = 17.8.34511.84
MinimumVisualStudioVersion = 10.0.40219.1
Project("{9A19103F-16F7-4668-BE54-9A1E7A4F7556}") = "WebApplication1", "WebApplication1\WebApplication1.csproj", "{4D6923A7-F9C0-4219-8EC4-E1AC2A558041}"
EndProject
Global
	GlobalSection(SolutionConfigurationPlatforms) = preSolution
		Debug|Any CPU = Debug|Any CPU
		Release|Any CPU = Release|Any CPU
	EndGlobalSection
	GlobalSection(ProjectConfigurationPlatforms) = postSolution
		{4D6923A7-F9C0-4219-8EC4-E1AC2A558041}.Debug|Any CPU.ActiveCfg = Debug|Any CPU
		{4D6923A7-F9C0-4219-8EC4-E1AC2A558041}.Debug|Any CPU.Build.0 = Debug|Any CPU
		{4D6923A7-F9C0-4219-8EC4-E1AC2A558041}.Release|Any CPU.ActiveCfg = Release|Any CPU
		{4D6923A7-F9C0-4219-8EC4-E1AC2A558041}.Release|Any CPU.Build.0 = Release|Any CPU
	EndGlobalSection
	GlobalSection(SolutionProperties) = preSolution
		HideSolutionNode = FALSE
	EndGlobalSection
	GlobalSection(ExtensibilityGlobals) = postSolution
		SolutionGuid = {BA71B9F1-389F-4DFC-B28D-906C00ADF16C}
	EndGlobalSection
EndGlobal
